// !$*UTF8*$!
{
	archiveVersion = 1;
	classes = {
	};
	objectVersion = 55;
	objects = {

/* Begin PBXBuildFile section */
		A11B9F0D28BCE83E0005A906 /* TitleBar.swift in Sources */ = {isa = PBXBuildFile; fileRef = A11B9F0C28BCE83E0005A906 /* TitleBar.swift */; };
		A11B9F1128BCEF8F0005A906 /* TabViews.swift in Sources */ = {isa = PBXBuildFile; fileRef = A11B9F1028BCEF8F0005A906 /* TabViews.swift */; };
		A11B9F1428BCF80A0005A906 /* ListInBlock.swift in Sources */ = {isa = PBXBuildFile; fileRef = A11B9F1328BCF80A0005A906 /* ListInBlock.swift */; };
		A11B9F1628BCF8740005A906 /* Block.swift in Sources */ = {isa = PBXBuildFile; fileRef = A11B9F1528BCF8740005A906 /* Block.swift */; };
		A11B9F1A28BCFCF20005A906 /* ElementsInList.swift in Sources */ = {isa = PBXBuildFile; fileRef = A11B9F1928BCFCF20005A906 /* ElementsInList.swift */; };
		A11B9F1E28BD01470005A906 /* LogoImage.swift in Sources */ = {isa = PBXBuildFile; fileRef = A11B9F1D28BD01470005A906 /* LogoImage.swift */; };
		A11B9F2428BD02FE0005A906 /* BootcampInfo.swift in Sources */ = {isa = PBXBuildFile; fileRef = A11B9F2328BD02FE0005A906 /* BootcampInfo.swift */; };
		A11B9F2628BD04670005A906 /* SearchBar.swift in Sources */ = {isa = PBXBuildFile; fileRef = A11B9F2528BD04670005A906 /* SearchBar.swift */; };
		A11B9F2C28BD05960005A906 /* FieldsList.swift in Sources */ = {isa = PBXBuildFile; fileRef = A11B9F2B28BD05960005A906 /* FieldsList.swift */; };
		A11B9F2E28BD07110005A906 /* Bootcamps.swift in Sources */ = {isa = PBXBuildFile; fileRef = A11B9F2D28BD07110005A906 /* Bootcamps.swift */; };
		A11B9F3028BD09680005A906 /* ShortInfo.swift in Sources */ = {isa = PBXBuildFile; fileRef = A11B9F2F28BD09680005A906 /* ShortInfo.swift */; };
		A11B9F3228BD0B230005A906 /* Interest.swift in Sources */ = {isa = PBXBuildFile; fileRef = A11B9F3128BD0B230005A906 /* Interest.swift */; };
		A12988F128AA04EB00282503 /* dqApp.swift in Sources */ = {isa = PBXBuildFile; fileRef = A12988F028AA04EB00282503 /* dqApp.swift */; };
		A12988F328AA04EB00282503 /* MainView.swift in Sources */ = {isa = PBXBuildFile; fileRef = A12988F228AA04EB00282503 /* MainView.swift */; };
		A12988F528AA04EC00282503 /* Assets.xcassets in Resources */ = {isa = PBXBuildFile; fileRef = A12988F428AA04EC00282503 /* Assets.xcassets */; };
		A12988F828AA04EC00282503 /* Preview Assets.xcassets in Resources */ = {isa = PBXBuildFile; fileRef = A12988F728AA04EC00282503 /* Preview Assets.xcassets */; };
		A129890228AA04EC00282503 /* dqTests.swift in Sources */ = {isa = PBXBuildFile; fileRef = A129890128AA04EC00282503 /* dqTests.swift */; };
		A129890C28AA04EC00282503 /* dqUITests.swift in Sources */ = {isa = PBXBuildFile; fileRef = A129890B28AA04EC00282503 /* dqUITests.swift */; };
		A129890E28AA04EC00282503 /* dqUITestsLaunchTests.swift in Sources */ = {isa = PBXBuildFile; fileRef = A129890D28AA04EC00282503 /* dqUITestsLaunchTests.swift */; };
		A129891D28AA0B1C00282503 /* LaunchScreen.storyboard in Resources */ = {isa = PBXBuildFile; fileRef = A129891C28AA0B1C00282503 /* LaunchScreen.storyboard */; };
		A129892628AA198200282503 /* HomeView.swift in Sources */ = {isa = PBXBuildFile; fileRef = A129892528AA198200282503 /* HomeView.swift */; };
		A129892828AA199300282503 /* BootcampView.swift in Sources */ = {isa = PBXBuildFile; fileRef = A129892728AA199300282503 /* BootcampView.swift */; };
		A129892A28AA19A100282503 /* ClubView.swift in Sources */ = {isa = PBXBuildFile; fileRef = A129892928AA19A100282503 /* ClubView.swift */; };
		A129892C28AA19C200282503 /* MethodExtenstion.swift in Sources */ = {isa = PBXBuildFile; fileRef = A129892B28AA19C200282503 /* MethodExtenstion.swift */; };
		A129893328AA1EE200282503 /* Mabinogi_Classic_OTF.otf in Resources */ = {isa = PBXBuildFile; fileRef = A129893228AA1EE200282503 /* Mabinogi_Classic_OTF.otf */; };
		A129893828AA229100282503 /* FontExtension.swift in Sources */ = {isa = PBXBuildFile; fileRef = A129893728AA229100282503 /* FontExtension.swift */; };
		A17E7DD828B3CEAE00147D71 /* ClubModel.swift in Sources */ = {isa = PBXBuildFile; fileRef = A17E7DD728B3CEAE00147D71 /* ClubModel.swift */; };
		A17F721828B0870A007C9FFE /* CustomType.swift in Sources */ = {isa = PBXBuildFile; fileRef = A17F721728B0870A007C9FFE /* CustomType.swift */; };
		A17F721C28B0A300007C9FFE /* FirebaseViewModel.swift in Sources */ = {isa = PBXBuildFile; fileRef = A17F721B28B0A300007C9FFE /* FirebaseViewModel.swift */; };
		A17F721E28B0A9C8007C9FFE /* FirebaseViewModelChild.swift in Sources */ = {isa = PBXBuildFile; fileRef = A17F721D28B0A9C8007C9FFE /* FirebaseViewModelChild.swift */; };
		A1A9C49428AF1DF900A0FF94 /* FirebaseFirestore in Frameworks */ = {isa = PBXBuildFile; productRef = A1A9C49328AF1DF900A0FF94 /* FirebaseFirestore */; };
		A1A9C49628AF1DF900A0FF94 /* FirebaseFirestoreCombine-Community in Frameworks */ = {isa = PBXBuildFile; productRef = A1A9C49528AF1DF900A0FF94 /* FirebaseFirestoreCombine-Community */; };
		A1A9C49828AF1DF900A0FF94 /* FirebaseFirestoreSwift in Frameworks */ = {isa = PBXBuildFile; productRef = A1A9C49728AF1DF900A0FF94 /* FirebaseFirestoreSwift */; };
		A1A9C49B28AF20FA00A0FF94 /* FirebaseFirestore in Frameworks */ = {isa = PBXBuildFile; productRef = A1A9C49A28AF20FA00A0FF94 /* FirebaseFirestore */; };
		A1A9C49D28AF20FA00A0FF94 /* FirebaseFirestoreCombine-Community in Frameworks */ = {isa = PBXBuildFile; productRef = A1A9C49C28AF20FA00A0FF94 /* FirebaseFirestoreCombine-Community */; };
		A1A9C49F28AF20FA00A0FF94 /* FirebaseFirestoreSwift in Frameworks */ = {isa = PBXBuildFile; productRef = A1A9C49E28AF20FA00A0FF94 /* FirebaseFirestoreSwift */; };
		A1A9C4E228AF2A5800A0FF94 /* FirebaseAuth in Frameworks */ = {isa = PBXBuildFile; productRef = A1A9C4E128AF2A5800A0FF94 /* FirebaseAuth */; };
		A1A9C4E428AF2A5800A0FF94 /* FirebaseDatabase in Frameworks */ = {isa = PBXBuildFile; productRef = A1A9C4E328AF2A5800A0FF94 /* FirebaseDatabase */; };
		A1A9C4E628AF2A5800A0FF94 /* FirebaseDatabaseSwift in Frameworks */ = {isa = PBXBuildFile; productRef = A1A9C4E528AF2A5800A0FF94 /* FirebaseDatabaseSwift */; };
		A1A9C4E828AF2A5800A0FF94 /* FirebaseRemoteConfig in Frameworks */ = {isa = PBXBuildFile; productRef = A1A9C4E728AF2A5800A0FF94 /* FirebaseRemoteConfig */; };
		A1A9C4EA28AF2A5800A0FF94 /* FirebaseRemoteConfigSwift in Frameworks */ = {isa = PBXBuildFile; productRef = A1A9C4E928AF2A5800A0FF94 /* FirebaseRemoteConfigSwift */; };
		A1A9C4EC28AF2A5800A0FF94 /* FirebaseStorage in Frameworks */ = {isa = PBXBuildFile; productRef = A1A9C4EB28AF2A5800A0FF94 /* FirebaseStorage */; };
		A1A9C4EE28AF2A5800A0FF94 /* FirebaseStorageCombine-Community in Frameworks */ = {isa = PBXBuildFile; productRef = A1A9C4ED28AF2A5800A0FF94 /* FirebaseStorageCombine-Community */; };
		A1BF878D28AD16F7003079B4 /* BootcampModalView.swift in Sources */ = {isa = PBXBuildFile; fileRef = A1BF878C28AD16F7003079B4 /* BootcampModalView.swift */; };
		A1BF878F28AD1703003079B4 /* ClubModalView.swift in Sources */ = {isa = PBXBuildFile; fileRef = A1BF878E28AD1703003079B4 /* ClubModalView.swift */; };
		A1BF879128AD1710003079B4 /* InfoView.swift in Sources */ = {isa = PBXBuildFile; fileRef = A1BF879028AD1710003079B4 /* InfoView.swift */; };
		A1BF879328AD1831003079B4 /* Pacific Northwest Letters W01.ttf in Resources */ = {isa = PBXBuildFile; fileRef = A1BF879228AD1831003079B4 /* Pacific Northwest Letters W01.ttf */; };
		A1BF879528AD1FF0003079B4 /* ViewHandler.swift in Sources */ = {isa = PBXBuildFile; fileRef = A1BF879428AD1FF0003079B4 /* ViewHandler.swift */; };
		A1BF879928AD4108003079B4 /* CustomModifier.swift in Sources */ = {isa = PBXBuildFile; fileRef = A1BF879828AD4108003079B4 /* CustomModifier.swift */; };
		A1BF87B028ADD7B3003079B4 /* GoogleService-Info.plist in Resources */ = {isa = PBXBuildFile; fileRef = A1BF87AF28ADD7B3003079B4 /* GoogleService-Info.plist */; };
		A1BF87B228ADDAB6003079B4 /* BootcampModel.swift in Sources */ = {isa = PBXBuildFile; fileRef = A1BF87B128ADDAB6003079B4 /* BootcampModel.swift */; };
/* End PBXBuildFile section */

/* Begin PBXContainerItemProxy section */
		A12988FE28AA04EC00282503 /* PBXContainerItemProxy */ = {
			isa = PBXContainerItemProxy;
			containerPortal = A12988E528AA04EB00282503 /* Project object */;
			proxyType = 1;
			remoteGlobalIDString = A12988EC28AA04EB00282503;
			remoteInfo = dq;
		};
		A129890828AA04EC00282503 /* PBXContainerItemProxy */ = {
			isa = PBXContainerItemProxy;
			containerPortal = A12988E528AA04EB00282503 /* Project object */;
			proxyType = 1;
			remoteGlobalIDString = A12988EC28AA04EB00282503;
			remoteInfo = dq;
		};
/* End PBXContainerItemProxy section */

/* Begin PBXFileReference section */
		A11B9F0C28BCE83E0005A906 /* TitleBar.swift */ = {isa = PBXFileReference; lastKnownFileType = sourcecode.swift; path = TitleBar.swift; sourceTree = "<group>"; };
		A11B9F1028BCEF8F0005A906 /* TabViews.swift */ = {isa = PBXFileReference; lastKnownFileType = sourcecode.swift; path = TabViews.swift; sourceTree = "<group>"; };
		A11B9F1328BCF80A0005A906 /* ListInBlock.swift */ = {isa = PBXFileReference; lastKnownFileType = sourcecode.swift; path = ListInBlock.swift; sourceTree = "<group>"; };
		A11B9F1528BCF8740005A906 /* Block.swift */ = {isa = PBXFileReference; lastKnownFileType = sourcecode.swift; path = Block.swift; sourceTree = "<group>"; };
		A11B9F1928BCFCF20005A906 /* ElementsInList.swift */ = {isa = PBXFileReference; lastKnownFileType = sourcecode.swift; path = ElementsInList.swift; sourceTree = "<group>"; };
		A11B9F1D28BD01470005A906 /* LogoImage.swift */ = {isa = PBXFileReference; lastKnownFileType = sourcecode.swift; path = LogoImage.swift; sourceTree = "<group>"; };
		A11B9F2328BD02FE0005A906 /* BootcampInfo.swift */ = {isa = PBXFileReference; lastKnownFileType = sourcecode.swift; path = BootcampInfo.swift; sourceTree = "<group>"; };
		A11B9F2528BD04670005A906 /* SearchBar.swift */ = {isa = PBXFileReference; lastKnownFileType = sourcecode.swift; path = SearchBar.swift; sourceTree = "<group>"; };
		A11B9F2B28BD05960005A906 /* FieldsList.swift */ = {isa = PBXFileReference; lastKnownFileType = sourcecode.swift; path = FieldsList.swift; sourceTree = "<group>"; };
		A11B9F2D28BD07110005A906 /* Bootcamps.swift */ = {isa = PBXFileReference; lastKnownFileType = sourcecode.swift; path = Bootcamps.swift; sourceTree = "<group>"; };
		A11B9F2F28BD09680005A906 /* ShortInfo.swift */ = {isa = PBXFileReference; lastKnownFileType = sourcecode.swift; path = ShortInfo.swift; sourceTree = "<group>"; };
		A11B9F3128BD0B230005A906 /* Interest.swift */ = {isa = PBXFileReference; lastKnownFileType = sourcecode.swift; path = Interest.swift; sourceTree = "<group>"; };
		A12988ED28AA04EB00282503 /* dq.app */ = {isa = PBXFileReference; explicitFileType = wrapper.application; includeInIndex = 0; path = dq.app; sourceTree = BUILT_PRODUCTS_DIR; };
		A12988F028AA04EB00282503 /* dqApp.swift */ = {isa = PBXFileReference; lastKnownFileType = sourcecode.swift; path = dqApp.swift; sourceTree = "<group>"; };
		A12988F228AA04EB00282503 /* MainView.swift */ = {isa = PBXFileReference; lastKnownFileType = sourcecode.swift; path = MainView.swift; sourceTree = "<group>"; };
		A12988F428AA04EC00282503 /* Assets.xcassets */ = {isa = PBXFileReference; lastKnownFileType = folder.assetcatalog; path = Assets.xcassets; sourceTree = "<group>"; };
		A12988F728AA04EC00282503 /* Preview Assets.xcassets */ = {isa = PBXFileReference; lastKnownFileType = folder.assetcatalog; path = "Preview Assets.xcassets"; sourceTree = "<group>"; };
		A12988FD28AA04EC00282503 /* dqTests.xctest */ = {isa = PBXFileReference; explicitFileType = wrapper.cfbundle; includeInIndex = 0; path = dqTests.xctest; sourceTree = BUILT_PRODUCTS_DIR; };
		A129890128AA04EC00282503 /* dqTests.swift */ = {isa = PBXFileReference; lastKnownFileType = sourcecode.swift; path = dqTests.swift; sourceTree = "<group>"; };
		A129890728AA04EC00282503 /* dqUITests.xctest */ = {isa = PBXFileReference; explicitFileType = wrapper.cfbundle; includeInIndex = 0; path = dqUITests.xctest; sourceTree = BUILT_PRODUCTS_DIR; };
		A129890B28AA04EC00282503 /* dqUITests.swift */ = {isa = PBXFileReference; lastKnownFileType = sourcecode.swift; path = dqUITests.swift; sourceTree = "<group>"; };
		A129890D28AA04EC00282503 /* dqUITestsLaunchTests.swift */ = {isa = PBXFileReference; lastKnownFileType = sourcecode.swift; path = dqUITestsLaunchTests.swift; sourceTree = "<group>"; };
		A129891C28AA0B1C00282503 /* LaunchScreen.storyboard */ = {isa = PBXFileReference; lastKnownFileType = file.storyboard; path = LaunchScreen.storyboard; sourceTree = "<group>"; };
		A129892528AA198200282503 /* HomeView.swift */ = {isa = PBXFileReference; lastKnownFileType = sourcecode.swift; path = HomeView.swift; sourceTree = "<group>"; };
		A129892728AA199300282503 /* BootcampView.swift */ = {isa = PBXFileReference; lastKnownFileType = sourcecode.swift; path = BootcampView.swift; sourceTree = "<group>"; };
		A129892928AA19A100282503 /* ClubView.swift */ = {isa = PBXFileReference; lastKnownFileType = sourcecode.swift; path = ClubView.swift; sourceTree = "<group>"; };
		A129892B28AA19C200282503 /* MethodExtenstion.swift */ = {isa = PBXFileReference; lastKnownFileType = sourcecode.swift; path = MethodExtenstion.swift; sourceTree = "<group>"; };
		A129893228AA1EE200282503 /* Mabinogi_Classic_OTF.otf */ = {isa = PBXFileReference; lastKnownFileType = file; path = Mabinogi_Classic_OTF.otf; sourceTree = "<group>"; };
		A129893628AA202B00282503 /* Info.plist */ = {isa = PBXFileReference; lastKnownFileType = text.plist; path = Info.plist; sourceTree = "<group>"; };
		A129893728AA229100282503 /* FontExtension.swift */ = {isa = PBXFileReference; lastKnownFileType = sourcecode.swift; path = FontExtension.swift; sourceTree = "<group>"; };
		A17E7DD728B3CEAE00147D71 /* ClubModel.swift */ = {isa = PBXFileReference; lastKnownFileType = sourcecode.swift; name = ClubModel.swift; path = dq/Source/Extension/ClubModel.swift; sourceTree = SOURCE_ROOT; };
		A17F721728B0870A007C9FFE /* CustomType.swift */ = {isa = PBXFileReference; lastKnownFileType = sourcecode.swift; path = CustomType.swift; sourceTree = "<group>"; };
		A17F721B28B0A300007C9FFE /* FirebaseViewModel.swift */ = {isa = PBXFileReference; lastKnownFileType = sourcecode.swift; path = FirebaseViewModel.swift; sourceTree = "<group>"; };
		A17F721D28B0A9C8007C9FFE /* FirebaseViewModelChild.swift */ = {isa = PBXFileReference; lastKnownFileType = sourcecode.swift; path = FirebaseViewModelChild.swift; sourceTree = "<group>"; };
		A1BF878C28AD16F7003079B4 /* BootcampModalView.swift */ = {isa = PBXFileReference; lastKnownFileType = sourcecode.swift; path = BootcampModalView.swift; sourceTree = "<group>"; };
		A1BF878E28AD1703003079B4 /* ClubModalView.swift */ = {isa = PBXFileReference; lastKnownFileType = sourcecode.swift; path = ClubModalView.swift; sourceTree = "<group>"; };
		A1BF879028AD1710003079B4 /* InfoView.swift */ = {isa = PBXFileReference; lastKnownFileType = sourcecode.swift; path = InfoView.swift; sourceTree = "<group>"; };
		A1BF879228AD1831003079B4 /* Pacific Northwest Letters W01.ttf */ = {isa = PBXFileReference; lastKnownFileType = file; path = "Pacific Northwest Letters W01.ttf"; sourceTree = "<group>"; };
		A1BF879428AD1FF0003079B4 /* ViewHandler.swift */ = {isa = PBXFileReference; lastKnownFileType = sourcecode.swift; path = ViewHandler.swift; sourceTree = "<group>"; };
		A1BF879828AD4108003079B4 /* CustomModifier.swift */ = {isa = PBXFileReference; lastKnownFileType = sourcecode.swift; path = CustomModifier.swift; sourceTree = "<group>"; };
		A1BF87AF28ADD7B3003079B4 /* GoogleService-Info.plist */ = {isa = PBXFileReference; fileEncoding = 4; lastKnownFileType = text.plist.xml; path = "GoogleService-Info.plist"; sourceTree = "<group>"; };
		A1BF87B128ADDAB6003079B4 /* BootcampModel.swift */ = {isa = PBXFileReference; lastKnownFileType = sourcecode.swift; name = BootcampModel.swift; path = dq/Source/Custom/BootcampModel.swift; sourceTree = SOURCE_ROOT; };
/* End PBXFileReference section */

/* Begin PBXFrameworksBuildPhase section */
		A12988EA28AA04EB00282503 /* Frameworks */ = {
			isa = PBXFrameworksBuildPhase;
			buildActionMask = 2147483647;
			files = (
				A1A9C49428AF1DF900A0FF94 /* FirebaseFirestore in Frameworks */,
				A1A9C49B28AF20FA00A0FF94 /* FirebaseFirestore in Frameworks */,
				A1A9C49628AF1DF900A0FF94 /* FirebaseFirestoreCombine-Community in Frameworks */,
				A1A9C4EE28AF2A5800A0FF94 /* FirebaseStorageCombine-Community in Frameworks */,
				A1A9C4E628AF2A5800A0FF94 /* FirebaseDatabaseSwift in Frameworks */,
				A1A9C49D28AF20FA00A0FF94 /* FirebaseFirestoreCombine-Community in Frameworks */,
				A1A9C4EC28AF2A5800A0FF94 /* FirebaseStorage in Frameworks */,
				A1A9C4EA28AF2A5800A0FF94 /* FirebaseRemoteConfigSwift in Frameworks */,
				A1A9C49828AF1DF900A0FF94 /* FirebaseFirestoreSwift in Frameworks */,
				A1A9C4E228AF2A5800A0FF94 /* FirebaseAuth in Frameworks */,
				A1A9C4E428AF2A5800A0FF94 /* FirebaseDatabase in Frameworks */,
				A1A9C49F28AF20FA00A0FF94 /* FirebaseFirestoreSwift in Frameworks */,
				A1A9C4E828AF2A5800A0FF94 /* FirebaseRemoteConfig in Frameworks */,
			);
			runOnlyForDeploymentPostprocessing = 0;
		};
		A12988FA28AA04EC00282503 /* Frameworks */ = {
			isa = PBXFrameworksBuildPhase;
			buildActionMask = 2147483647;
			files = (
			);
			runOnlyForDeploymentPostprocessing = 0;
		};
		A129890428AA04EC00282503 /* Frameworks */ = {
			isa = PBXFrameworksBuildPhase;
			buildActionMask = 2147483647;
			files = (
			);
			runOnlyForDeploymentPostprocessing = 0;
		};
/* End PBXFrameworksBuildPhase section */

/* Begin PBXGroup section */
		A11B9F0928BCE7CA0005A906 /* MainView */ = {
			isa = PBXGroup;
			children = (
				A12988F228AA04EB00282503 /* MainView.swift */,
				A11B9F0C28BCE83E0005A906 /* TitleBar.swift */,
				A11B9F1028BCEF8F0005A906 /* TabViews.swift */,
			);
			path = MainView;
			sourceTree = "<group>";
		};
		A11B9F1228BCF2250005A906 /* HomeView */ = {
			isa = PBXGroup;
			children = (
				A129892528AA198200282503 /* HomeView.swift */,
				A11B9F1528BCF8740005A906 /* Block.swift */,
				A11B9F1328BCF80A0005A906 /* ListInBlock.swift */,
				A11B9F1928BCFCF20005A906 /* ElementsInList.swift */,
			);
			path = HomeView;
			sourceTree = "<group>";
		};
		A11B9F1B28BCFED10005A906 /* BootcampView */ = {
			isa = PBXGroup;
			children = (
				A129892728AA199300282503 /* BootcampView.swift */,
				A11B9F2528BD04670005A906 /* SearchBar.swift */,
				A11B9F2B28BD05960005A906 /* FieldsList.swift */,
				A11B9F2D28BD07110005A906 /* Bootcamps.swift */,
				A11B9F2F28BD09680005A906 /* ShortInfo.swift */,
				A11B9F3128BD0B230005A906 /* Interest.swift */,
			);
			path = BootcampView;
			sourceTree = "<group>";
		};
		A11B9F1C28BCFF320005A906 /* BootcampModalView */ = {
			isa = PBXGroup;
			children = (
				A1BF878C28AD16F7003079B4 /* BootcampModalView.swift */,
				A11B9F1D28BD01470005A906 /* LogoImage.swift */,
				A11B9F2328BD02FE0005A906 /* BootcampInfo.swift */,
			);
			path = BootcampModalView;
			sourceTree = "<group>";
		};
		A12988E428AA04EB00282503 = {
			isa = PBXGroup;
			children = (
				A12988EF28AA04EB00282503 /* dq */,
				A129890028AA04EC00282503 /* dqTests */,
				A129890A28AA04EC00282503 /* dqUITests */,
				A12988EE28AA04EB00282503 /* Products */,
				A1A9C49228AF1DF900A0FF94 /* Frameworks */,
			);
			sourceTree = "<group>";
		};
		A12988EE28AA04EB00282503 /* Products */ = {
			isa = PBXGroup;
			children = (
				A12988ED28AA04EB00282503 /* dq.app */,
				A12988FD28AA04EC00282503 /* dqTests.xctest */,
				A129890728AA04EC00282503 /* dqUITests.xctest */,
			);
			name = Products;
			sourceTree = "<group>";
		};
		A12988EF28AA04EB00282503 /* dq */ = {
			isa = PBXGroup;
			children = (
				A1BF87AF28ADD7B3003079B4 /* GoogleService-Info.plist */,
				A129893628AA202B00282503 /* Info.plist */,
				A129891B28AA0A8100282503 /* Source */,
				A129891A28AA063800282503 /* Resources */,
				A12988F628AA04EC00282503 /* Preview Content */,
			);
			path = dq;
			sourceTree = "<group>";
		};
		A12988F628AA04EC00282503 /* Preview Content */ = {
			isa = PBXGroup;
			children = (
				A12988F728AA04EC00282503 /* Preview Assets.xcassets */,
			);
			path = "Preview Content";
			sourceTree = "<group>";
		};
		A129890028AA04EC00282503 /* dqTests */ = {
			isa = PBXGroup;
			children = (
				A129890128AA04EC00282503 /* dqTests.swift */,
			);
			path = dqTests;
			sourceTree = "<group>";
		};
		A129890A28AA04EC00282503 /* dqUITests */ = {
			isa = PBXGroup;
			children = (
				A129890B28AA04EC00282503 /* dqUITests.swift */,
				A129890D28AA04EC00282503 /* dqUITestsLaunchTests.swift */,
			);
			path = dqUITests;
			sourceTree = "<group>";
		};
		A129891A28AA063800282503 /* Resources */ = {
			isa = PBXGroup;
			children = (
				A129891C28AA0B1C00282503 /* LaunchScreen.storyboard */,
				A1BF879228AD1831003079B4 /* Pacific Northwest Letters W01.ttf */,
				A129893228AA1EE200282503 /* Mabinogi_Classic_OTF.otf */,
				A12988F428AA04EC00282503 /* Assets.xcassets */,
			);
			path = Resources;
			sourceTree = "<group>";
		};
		A129891B28AA0A8100282503 /* Source */ = {
			isa = PBXGroup;
			children = (
				A129891E28AA114F00282503 /* Application */,
				A129892428AA17E000282503 /* Model */,
				A129892328AA17D800282503 /* ViewModel */,
				A129892228AA17C700282503 /* View */,
				A129893128AA1E0C00282503 /* Custom */,
				A129891F28AA12E800282503 /* Extension */,
			);
			path = Source;
			sourceTree = "<group>";
		};
		A129891E28AA114F00282503 /* Application */ = {
			isa = PBXGroup;
			children = (
				A12988F028AA04EB00282503 /* dqApp.swift */,
			);
			path = Application;
			sourceTree = "<group>";
		};
		A129891F28AA12E800282503 /* Extension */ = {
			isa = PBXGroup;
			children = (
				A129892B28AA19C200282503 /* MethodExtenstion.swift */,
				A129893728AA229100282503 /* FontExtension.swift */,
			);
			path = Extension;
			sourceTree = "<group>";
		};
		A129892228AA17C700282503 /* View */ = {
			isa = PBXGroup;
			children = (
				A11B9F0928BCE7CA0005A906 /* MainView */,
				A11B9F1228BCF2250005A906 /* HomeView */,
				A11B9F1B28BCFED10005A906 /* BootcampView */,
				A11B9F1C28BCFF320005A906 /* BootcampModalView */,
				A129892928AA19A100282503 /* ClubView.swift */,
				A1BF878E28AD1703003079B4 /* ClubModalView.swift */,
				A1BF879028AD1710003079B4 /* InfoView.swift */,
			);
			path = View;
			sourceTree = "<group>";
		};
		A129892328AA17D800282503 /* ViewModel */ = {
			isa = PBXGroup;
			children = (
				A1BF879428AD1FF0003079B4 /* ViewHandler.swift */,
				A17F721D28B0A9C8007C9FFE /* FirebaseViewModelChild.swift */,
				A17F721B28B0A300007C9FFE /* FirebaseViewModel.swift */,
			);
			path = ViewModel;
			sourceTree = "<group>";
		};
		A129892428AA17E000282503 /* Model */ = {
			isa = PBXGroup;
			children = (
				A1BF87B128ADDAB6003079B4 /* BootcampModel.swift */,
				A17E7DD728B3CEAE00147D71 /* ClubModel.swift */,
			);
			path = Model;
			sourceTree = "<group>";
		};
		A129893128AA1E0C00282503 /* Custom */ = {
			isa = PBXGroup;
			children = (
				A1BF879828AD4108003079B4 /* CustomModifier.swift */,
				A17F721728B0870A007C9FFE /* CustomType.swift */,
			);
			path = Custom;
			sourceTree = "<group>";
		};
		A1A9C49228AF1DF900A0FF94 /* Frameworks */ = {
			isa = PBXGroup;
			children = (
			);
			name = Frameworks;
			sourceTree = "<group>";
		};
/* End PBXGroup section */

/* Begin PBXNativeTarget section */
		A12988EC28AA04EB00282503 /* dq */ = {
			isa = PBXNativeTarget;
			buildConfigurationList = A129891128AA04EC00282503 /* Build configuration list for PBXNativeTarget "dq" */;
			buildPhases = (
				A12988E928AA04EB00282503 /* Sources */,
				A12988EA28AA04EB00282503 /* Frameworks */,
				A12988EB28AA04EB00282503 /* Resources */,
			);
			buildRules = (
			);
			dependencies = (
			);
			name = dq;
			packageProductDependencies = (
				A1A9C49328AF1DF900A0FF94 /* FirebaseFirestore */,
				A1A9C49528AF1DF900A0FF94 /* FirebaseFirestoreCombine-Community */,
				A1A9C49728AF1DF900A0FF94 /* FirebaseFirestoreSwift */,
				A1A9C49A28AF20FA00A0FF94 /* FirebaseFirestore */,
				A1A9C49C28AF20FA00A0FF94 /* FirebaseFirestoreCombine-Community */,
				A1A9C49E28AF20FA00A0FF94 /* FirebaseFirestoreSwift */,
				A1A9C4E128AF2A5800A0FF94 /* FirebaseAuth */,
				A1A9C4E328AF2A5800A0FF94 /* FirebaseDatabase */,
				A1A9C4E528AF2A5800A0FF94 /* FirebaseDatabaseSwift */,
				A1A9C4E728AF2A5800A0FF94 /* FirebaseRemoteConfig */,
				A1A9C4E928AF2A5800A0FF94 /* FirebaseRemoteConfigSwift */,
				A1A9C4EB28AF2A5800A0FF94 /* FirebaseStorage */,
				A1A9C4ED28AF2A5800A0FF94 /* FirebaseStorageCombine-Community */,
			);
			productName = dq;
			productReference = A12988ED28AA04EB00282503 /* dq.app */;
			productType = "com.apple.product-type.application";
		};
		A12988FC28AA04EC00282503 /* dqTests */ = {
			isa = PBXNativeTarget;
			buildConfigurationList = A129891428AA04EC00282503 /* Build configuration list for PBXNativeTarget "dqTests" */;
			buildPhases = (
				A12988F928AA04EC00282503 /* Sources */,
				A12988FA28AA04EC00282503 /* Frameworks */,
				A12988FB28AA04EC00282503 /* Resources */,
			);
			buildRules = (
			);
			dependencies = (
				A12988FF28AA04EC00282503 /* PBXTargetDependency */,
			);
			name = dqTests;
			productName = dqTests;
			productReference = A12988FD28AA04EC00282503 /* dqTests.xctest */;
			productType = "com.apple.product-type.bundle.unit-test";
		};
		A129890628AA04EC00282503 /* dqUITests */ = {
			isa = PBXNativeTarget;
			buildConfigurationList = A129891728AA04EC00282503 /* Build configuration list for PBXNativeTarget "dqUITests" */;
			buildPhases = (
				A129890328AA04EC00282503 /* Sources */,
				A129890428AA04EC00282503 /* Frameworks */,
				A129890528AA04EC00282503 /* Resources */,
			);
			buildRules = (
			);
			dependencies = (
				A129890928AA04EC00282503 /* PBXTargetDependency */,
			);
			name = dqUITests;
			productName = dqUITests;
			productReference = A129890728AA04EC00282503 /* dqUITests.xctest */;
			productType = "com.apple.product-type.bundle.ui-testing";
		};
/* End PBXNativeTarget section */

/* Begin PBXProject section */
		A12988E528AA04EB00282503 /* Project object */ = {
			isa = PBXProject;
			attributes = {
				BuildIndependentTargetsInParallel = 1;
				LastSwiftUpdateCheck = 1340;
				LastUpgradeCheck = 1340;
				TargetAttributes = {
					A12988EC28AA04EB00282503 = {
						CreatedOnToolsVersion = 13.4.1;
					};
					A12988FC28AA04EC00282503 = {
						CreatedOnToolsVersion = 13.4.1;
						TestTargetID = A12988EC28AA04EB00282503;
					};
					A129890628AA04EC00282503 = {
						CreatedOnToolsVersion = 13.4.1;
						TestTargetID = A12988EC28AA04EB00282503;
					};
				};
			};
			buildConfigurationList = A12988E828AA04EB00282503 /* Build configuration list for PBXProject "dq" */;
			compatibilityVersion = "Xcode 13.0";
			developmentRegion = en;
			hasScannedForEncodings = 0;
			knownRegions = (
				en,
				Base,
			);
			mainGroup = A12988E428AA04EB00282503;
			packageReferences = (
				A1BF879A28ADD276003079B4 /* XCRemoteSwiftPackageReference "firebase-ios-sdk" */,
				A1A9C49928AF20FA00A0FF94 /* XCRemoteSwiftPackageReference "firebase-ios-sdk" */,
			);
			productRefGroup = A12988EE28AA04EB00282503 /* Products */;
			projectDirPath = "";
			projectRoot = "";
			targets = (
				A12988EC28AA04EB00282503 /* dq */,
				A12988FC28AA04EC00282503 /* dqTests */,
				A129890628AA04EC00282503 /* dqUITests */,
			);
		};
/* End PBXProject section */

/* Begin PBXResourcesBuildPhase section */
		A12988EB28AA04EB00282503 /* Resources */ = {
			isa = PBXResourcesBuildPhase;
			buildActionMask = 2147483647;
			files = (
				A129891D28AA0B1C00282503 /* LaunchScreen.storyboard in Resources */,
				A12988F828AA04EC00282503 /* Preview Assets.xcassets in Resources */,
				A129893328AA1EE200282503 /* Mabinogi_Classic_OTF.otf in Resources */,
				A1BF879328AD1831003079B4 /* Pacific Northwest Letters W01.ttf in Resources */,
				A12988F528AA04EC00282503 /* Assets.xcassets in Resources */,
				A1BF87B028ADD7B3003079B4 /* GoogleService-Info.plist in Resources */,
			);
			runOnlyForDeploymentPostprocessing = 0;
		};
		A12988FB28AA04EC00282503 /* Resources */ = {
			isa = PBXResourcesBuildPhase;
			buildActionMask = 2147483647;
			files = (
			);
			runOnlyForDeploymentPostprocessing = 0;
		};
		A129890528AA04EC00282503 /* Resources */ = {
			isa = PBXResourcesBuildPhase;
			buildActionMask = 2147483647;
			files = (
			);
			runOnlyForDeploymentPostprocessing = 0;
		};
/* End PBXResourcesBuildPhase section */

/* Begin PBXSourcesBuildPhase section */
		A12988E928AA04EB00282503 /* Sources */ = {
			isa = PBXSourcesBuildPhase;
			buildActionMask = 2147483647;
			files = (
				A1BF878F28AD1703003079B4 /* ClubModalView.swift in Sources */,
				A17F721E28B0A9C8007C9FFE /* FirebaseViewModelChild.swift in Sources */,
				A1BF879128AD1710003079B4 /* InfoView.swift in Sources */,
				A17E7DD828B3CEAE00147D71 /* ClubModel.swift in Sources */,
				A129892628AA198200282503 /* HomeView.swift in Sources */,
				A17F721C28B0A300007C9FFE /* FirebaseViewModel.swift in Sources */,
				A11B9F3228BD0B230005A906 /* Interest.swift in Sources */,
				A11B9F3028BD09680005A906 /* ShortInfo.swift in Sources */,
				A11B9F2428BD02FE0005A906 /* BootcampInfo.swift in Sources */,
				A11B9F2628BD04670005A906 /* SearchBar.swift in Sources */,
				A11B9F1E28BD01470005A906 /* LogoImage.swift in Sources */,
				A11B9F2E28BD07110005A906 /* Bootcamps.swift in Sources */,
				A11B9F1128BCEF8F0005A906 /* TabViews.swift in Sources */,
				A1BF879528AD1FF0003079B4 /* ViewHandler.swift in Sources */,
				A129892C28AA19C200282503 /* MethodExtenstion.swift in Sources */,
				A129893828AA229100282503 /* FontExtension.swift in Sources */,
				A129892A28AA19A100282503 /* ClubView.swift in Sources */,
				A11B9F2C28BD05960005A906 /* FieldsList.swift in Sources */,
				A17F721828B0870A007C9FFE /* CustomType.swift in Sources */,
				A129892828AA199300282503 /* BootcampView.swift in Sources */,
				A12988F328AA04EB00282503 /* MainView.swift in Sources */,
				A1BF87B228ADDAB6003079B4 /* BootcampModel.swift in Sources */,
				A11B9F1628BCF8740005A906 /* Block.swift in Sources */,
				A1BF879928AD4108003079B4 /* CustomModifier.swift in Sources */,
				A1BF878D28AD16F7003079B4 /* BootcampModalView.swift in Sources */,
				A11B9F0D28BCE83E0005A906 /* TitleBar.swift in Sources */,
				A11B9F1428BCF80A0005A906 /* ListInBlock.swift in Sources */,
				A11B9F1A28BCFCF20005A906 /* ElementsInList.swift in Sources */,
				A12988F128AA04EB00282503 /* dqApp.swift in Sources */,
			);
			runOnlyForDeploymentPostprocessing = 0;
		};
		A12988F928AA04EC00282503 /* Sources */ = {
			isa = PBXSourcesBuildPhase;
			buildActionMask = 2147483647;
			files = (
				A129890228AA04EC00282503 /* dqTests.swift in Sources */,
			);
			runOnlyForDeploymentPostprocessing = 0;
		};
		A129890328AA04EC00282503 /* Sources */ = {
			isa = PBXSourcesBuildPhase;
			buildActionMask = 2147483647;
			files = (
				A129890C28AA04EC00282503 /* dqUITests.swift in Sources */,
				A129890E28AA04EC00282503 /* dqUITestsLaunchTests.swift in Sources */,
			);
			runOnlyForDeploymentPostprocessing = 0;
		};
/* End PBXSourcesBuildPhase section */

/* Begin PBXTargetDependency section */
		A12988FF28AA04EC00282503 /* PBXTargetDependency */ = {
			isa = PBXTargetDependency;
			target = A12988EC28AA04EB00282503 /* dq */;
			targetProxy = A12988FE28AA04EC00282503 /* PBXContainerItemProxy */;
		};
		A129890928AA04EC00282503 /* PBXTargetDependency */ = {
			isa = PBXTargetDependency;
			target = A12988EC28AA04EB00282503 /* dq */;
			targetProxy = A129890828AA04EC00282503 /* PBXContainerItemProxy */;
		};
/* End PBXTargetDependency section */

/* Begin XCBuildConfiguration section */
		A129890F28AA04EC00282503 /* Debug */ = {
			isa = XCBuildConfiguration;
			buildSettings = {
				ALWAYS_SEARCH_USER_PATHS = NO;
				CLANG_ANALYZER_NONNULL = YES;
				CLANG_ANALYZER_NUMBER_OBJECT_CONVERSION = YES_AGGRESSIVE;
				CLANG_CXX_LANGUAGE_STANDARD = "gnu++17";
				CLANG_ENABLE_MODULES = YES;
				CLANG_ENABLE_OBJC_ARC = YES;
				CLANG_ENABLE_OBJC_WEAK = YES;
				CLANG_WARN_BLOCK_CAPTURE_AUTORELEASING = YES;
				CLANG_WARN_BOOL_CONVERSION = YES;
				CLANG_WARN_COMMA = YES;
				CLANG_WARN_CONSTANT_CONVERSION = YES;
				CLANG_WARN_DEPRECATED_OBJC_IMPLEMENTATIONS = YES;
				CLANG_WARN_DIRECT_OBJC_ISA_USAGE = YES_ERROR;
				CLANG_WARN_DOCUMENTATION_COMMENTS = YES;
				CLANG_WARN_EMPTY_BODY = YES;
				CLANG_WARN_ENUM_CONVERSION = YES;
				CLANG_WARN_INFINITE_RECURSION = YES;
				CLANG_WARN_INT_CONVERSION = YES;
				CLANG_WARN_NON_LITERAL_NULL_CONVERSION = YES;
				CLANG_WARN_OBJC_IMPLICIT_RETAIN_SELF = YES;
				CLANG_WARN_OBJC_LITERAL_CONVERSION = YES;
				CLANG_WARN_OBJC_ROOT_CLASS = YES_ERROR;
				CLANG_WARN_QUOTED_INCLUDE_IN_FRAMEWORK_HEADER = YES;
				CLANG_WARN_RANGE_LOOP_ANALYSIS = YES;
				CLANG_WARN_STRICT_PROTOTYPES = YES;
				CLANG_WARN_SUSPICIOUS_MOVE = YES;
				CLANG_WARN_UNGUARDED_AVAILABILITY = YES_AGGRESSIVE;
				CLANG_WARN_UNREACHABLE_CODE = YES;
				CLANG_WARN__DUPLICATE_METHOD_MATCH = YES;
				COPY_PHASE_STRIP = NO;
				DEBUG_INFORMATION_FORMAT = dwarf;
				ENABLE_STRICT_OBJC_MSGSEND = YES;
				ENABLE_TESTABILITY = YES;
				GCC_C_LANGUAGE_STANDARD = gnu11;
				GCC_DYNAMIC_NO_PIC = NO;
				GCC_NO_COMMON_BLOCKS = YES;
				GCC_OPTIMIZATION_LEVEL = 0;
				GCC_PREPROCESSOR_DEFINITIONS = (
					"DEBUG=1",
					"$(inherited)",
				);
				GCC_WARN_64_TO_32_BIT_CONVERSION = YES;
				GCC_WARN_ABOUT_RETURN_TYPE = YES_ERROR;
				GCC_WARN_UNDECLARED_SELECTOR = YES;
				GCC_WARN_UNINITIALIZED_AUTOS = YES_AGGRESSIVE;
				GCC_WARN_UNUSED_FUNCTION = YES;
				GCC_WARN_UNUSED_VARIABLE = YES;
				IPHONEOS_DEPLOYMENT_TARGET = 15.5;
				MTL_ENABLE_DEBUG_INFO = INCLUDE_SOURCE;
				MTL_FAST_MATH = YES;
				ONLY_ACTIVE_ARCH = YES;
				SDKROOT = iphoneos;
				SWIFT_ACTIVE_COMPILATION_CONDITIONS = DEBUG;
				SWIFT_OPTIMIZATION_LEVEL = "-Onone";
			};
			name = Debug;
		};
		A129891028AA04EC00282503 /* Release */ = {
			isa = XCBuildConfiguration;
			buildSettings = {
				ALWAYS_SEARCH_USER_PATHS = NO;
				CLANG_ANALYZER_NONNULL = YES;
				CLANG_ANALYZER_NUMBER_OBJECT_CONVERSION = YES_AGGRESSIVE;
				CLANG_CXX_LANGUAGE_STANDARD = "gnu++17";
				CLANG_ENABLE_MODULES = YES;
				CLANG_ENABLE_OBJC_ARC = YES;
				CLANG_ENABLE_OBJC_WEAK = YES;
				CLANG_WARN_BLOCK_CAPTURE_AUTORELEASING = YES;
				CLANG_WARN_BOOL_CONVERSION = YES;
				CLANG_WARN_COMMA = YES;
				CLANG_WARN_CONSTANT_CONVERSION = YES;
				CLANG_WARN_DEPRECATED_OBJC_IMPLEMENTATIONS = YES;
				CLANG_WARN_DIRECT_OBJC_ISA_USAGE = YES_ERROR;
				CLANG_WARN_DOCUMENTATION_COMMENTS = YES;
				CLANG_WARN_EMPTY_BODY = YES;
				CLANG_WARN_ENUM_CONVERSION = YES;
				CLANG_WARN_INFINITE_RECURSION = YES;
				CLANG_WARN_INT_CONVERSION = YES;
				CLANG_WARN_NON_LITERAL_NULL_CONVERSION = YES;
				CLANG_WARN_OBJC_IMPLICIT_RETAIN_SELF = YES;
				CLANG_WARN_OBJC_LITERAL_CONVERSION = YES;
				CLANG_WARN_OBJC_ROOT_CLASS = YES_ERROR;
				CLANG_WARN_QUOTED_INCLUDE_IN_FRAMEWORK_HEADER = YES;
				CLANG_WARN_RANGE_LOOP_ANALYSIS = YES;
				CLANG_WARN_STRICT_PROTOTYPES = YES;
				CLANG_WARN_SUSPICIOUS_MOVE = YES;
				CLANG_WARN_UNGUARDED_AVAILABILITY = YES_AGGRESSIVE;
				CLANG_WARN_UNREACHABLE_CODE = YES;
				CLANG_WARN__DUPLICATE_METHOD_MATCH = YES;
				COPY_PHASE_STRIP = NO;
				DEBUG_INFORMATION_FORMAT = "dwarf-with-dsym";
				ENABLE_NS_ASSERTIONS = NO;
				ENABLE_STRICT_OBJC_MSGSEND = YES;
				GCC_C_LANGUAGE_STANDARD = gnu11;
				GCC_NO_COMMON_BLOCKS = YES;
				GCC_WARN_64_TO_32_BIT_CONVERSION = YES;
				GCC_WARN_ABOUT_RETURN_TYPE = YES_ERROR;
				GCC_WARN_UNDECLARED_SELECTOR = YES;
				GCC_WARN_UNINITIALIZED_AUTOS = YES_AGGRESSIVE;
				GCC_WARN_UNUSED_FUNCTION = YES;
				GCC_WARN_UNUSED_VARIABLE = YES;
				IPHONEOS_DEPLOYMENT_TARGET = 15.5;
				MTL_ENABLE_DEBUG_INFO = NO;
				MTL_FAST_MATH = YES;
				SDKROOT = iphoneos;
				SWIFT_COMPILATION_MODE = wholemodule;
				SWIFT_OPTIMIZATION_LEVEL = "-O";
				VALIDATE_PRODUCT = YES;
			};
			name = Release;
		};
		A129891228AA04EC00282503 /* Debug */ = {
			isa = XCBuildConfiguration;
			buildSettings = {
				ASSETCATALOG_COMPILER_APPICON_NAME = AppIcon;
				ASSETCATALOG_COMPILER_GLOBAL_ACCENT_COLOR_NAME = AccentColor;
				CODE_SIGN_STYLE = Automatic;
				CURRENT_PROJECT_VERSION = 1;
				DEVELOPMENT_ASSET_PATHS = "\"dq/Preview Content\"";
				DEVELOPMENT_TEAM = DF587PT75B;
				ENABLE_PREVIEWS = YES;
				GENERATE_INFOPLIST_FILE = YES;
				INFOPLIST_FILE = dq/Info.plist;
				INFOPLIST_KEY_LSApplicationCategoryType = "";
				INFOPLIST_KEY_UIApplicationSceneManifest_Generation = YES;
				INFOPLIST_KEY_UIApplicationSupportsIndirectInputEvents = YES;
				INFOPLIST_KEY_UILaunchScreen_Generation = YES;
				INFOPLIST_KEY_UILaunchStoryboardName = LaunchScreen;
				INFOPLIST_KEY_UISupportedInterfaceOrientations_iPad = "UIInterfaceOrientationPortrait UIInterfaceOrientationPortraitUpsideDown UIInterfaceOrientationLandscapeLeft UIInterfaceOrientationLandscapeRight";
				INFOPLIST_KEY_UISupportedInterfaceOrientations_iPhone = "UIInterfaceOrientationPortrait UIInterfaceOrientationLandscapeLeft UIInterfaceOrientationLandscapeRight";
				INFOPLIST_KEY_UIUserInterfaceStyle = Light;
				LD_RUNPATH_SEARCH_PATHS = (
					"$(inherited)",
					"@executable_path/Frameworks",
				);
				MARKETING_VERSION = 1.0;
				PRODUCT_BUNDLE_IDENTIFIER = kyujin.dq;
				PRODUCT_NAME = "$(TARGET_NAME)";
				SWIFT_EMIT_LOC_STRINGS = YES;
				SWIFT_VERSION = 5.0;
				TARGETED_DEVICE_FAMILY = "1,2";
			};
			name = Debug;
		};
		A129891328AA04EC00282503 /* Release */ = {
			isa = XCBuildConfiguration;
			buildSettings = {
				ASSETCATALOG_COMPILER_APPICON_NAME = AppIcon;
				ASSETCATALOG_COMPILER_GLOBAL_ACCENT_COLOR_NAME = AccentColor;
				CODE_SIGN_STYLE = Automatic;
				CURRENT_PROJECT_VERSION = 1;
				DEVELOPMENT_ASSET_PATHS = "\"dq/Preview Content\"";
				DEVELOPMENT_TEAM = DF587PT75B;
				ENABLE_PREVIEWS = YES;
				GENERATE_INFOPLIST_FILE = YES;
				INFOPLIST_FILE = dq/Info.plist;
				INFOPLIST_KEY_LSApplicationCategoryType = "";
				INFOPLIST_KEY_UIApplicationSceneManifest_Generation = YES;
				INFOPLIST_KEY_UIApplicationSupportsIndirectInputEvents = YES;
				INFOPLIST_KEY_UILaunchScreen_Generation = YES;
				INFOPLIST_KEY_UILaunchStoryboardName = LaunchScreen;
				INFOPLIST_KEY_UISupportedInterfaceOrientations_iPad = "UIInterfaceOrientationPortrait UIInterfaceOrientationPortraitUpsideDown UIInterfaceOrientationLandscapeLeft UIInterfaceOrientationLandscapeRight";
				INFOPLIST_KEY_UISupportedInterfaceOrientations_iPhone = "UIInterfaceOrientationPortrait UIInterfaceOrientationLandscapeLeft UIInterfaceOrientationLandscapeRight";
				INFOPLIST_KEY_UIUserInterfaceStyle = Light;
				LD_RUNPATH_SEARCH_PATHS = (
					"$(inherited)",
					"@executable_path/Frameworks",
				);
				MARKETING_VERSION = 1.0;
				PRODUCT_BUNDLE_IDENTIFIER = kyujin.dq;
				PRODUCT_NAME = "$(TARGET_NAME)";
				SWIFT_EMIT_LOC_STRINGS = YES;
				SWIFT_VERSION = 5.0;
				TARGETED_DEVICE_FAMILY = "1,2";
			};
			name = Release;
		};
		A129891528AA04EC00282503 /* Debug */ = {
			isa = XCBuildConfiguration;
			buildSettings = {
				ALWAYS_EMBED_SWIFT_STANDARD_LIBRARIES = YES;
				BUNDLE_LOADER = "$(TEST_HOST)";
				CODE_SIGN_STYLE = Automatic;
				CURRENT_PROJECT_VERSION = 1;
				DEVELOPMENT_TEAM = VBHJCPK49S;
				GENERATE_INFOPLIST_FILE = YES;
				IPHONEOS_DEPLOYMENT_TARGET = 15.5;
				MARKETING_VERSION = 1.0;
				PRODUCT_BUNDLE_IDENTIFIER = kyujin.dqTests;
				PRODUCT_NAME = "$(TARGET_NAME)";
				SWIFT_EMIT_LOC_STRINGS = NO;
				SWIFT_VERSION = 5.0;
				TARGETED_DEVICE_FAMILY = "1,2";
				TEST_HOST = "$(BUILT_PRODUCTS_DIR)/dq.app/dq";
			};
			name = Debug;
		};
		A129891628AA04EC00282503 /* Release */ = {
			isa = XCBuildConfiguration;
			buildSettings = {
				ALWAYS_EMBED_SWIFT_STANDARD_LIBRARIES = YES;
				BUNDLE_LOADER = "$(TEST_HOST)";
				CODE_SIGN_STYLE = Automatic;
				CURRENT_PROJECT_VERSION = 1;
				DEVELOPMENT_TEAM = VBHJCPK49S;
				GENERATE_INFOPLIST_FILE = YES;
				IPHONEOS_DEPLOYMENT_TARGET = 15.5;
				MARKETING_VERSION = 1.0;
				PRODUCT_BUNDLE_IDENTIFIER = kyujin.dqTests;
				PRODUCT_NAME = "$(TARGET_NAME)";
				SWIFT_EMIT_LOC_STRINGS = NO;
				SWIFT_VERSION = 5.0;
				TARGETED_DEVICE_FAMILY = "1,2";
				TEST_HOST = "$(BUILT_PRODUCTS_DIR)/dq.app/dq";
			};
			name = Release;
		};
		A129891828AA04EC00282503 /* Debug */ = {
			isa = XCBuildConfiguration;
			buildSettings = {
				ALWAYS_EMBED_SWIFT_STANDARD_LIBRARIES = YES;
				CODE_SIGN_STYLE = Automatic;
				CURRENT_PROJECT_VERSION = 1;
				DEVELOPMENT_TEAM = VBHJCPK49S;
				GENERATE_INFOPLIST_FILE = YES;
				MARKETING_VERSION = 1.0;
				PRODUCT_BUNDLE_IDENTIFIER = kyujin.dqUITests;
				PRODUCT_NAME = "$(TARGET_NAME)";
				SWIFT_EMIT_LOC_STRINGS = NO;
				SWIFT_VERSION = 5.0;
				TARGETED_DEVICE_FAMILY = "1,2";
				TEST_TARGET_NAME = dq;
			};
			name = Debug;
		};
		A129891928AA04EC00282503 /* Release */ = {
			isa = XCBuildConfiguration;
			buildSettings = {
				ALWAYS_EMBED_SWIFT_STANDARD_LIBRARIES = YES;
				CODE_SIGN_STYLE = Automatic;
				CURRENT_PROJECT_VERSION = 1;
				DEVELOPMENT_TEAM = VBHJCPK49S;
				GENERATE_INFOPLIST_FILE = YES;
				MARKETING_VERSION = 1.0;
				PRODUCT_BUNDLE_IDENTIFIER = kyujin.dqUITests;
				PRODUCT_NAME = "$(TARGET_NAME)";
				SWIFT_EMIT_LOC_STRINGS = NO;
				SWIFT_VERSION = 5.0;
				TARGETED_DEVICE_FAMILY = "1,2";
				TEST_TARGET_NAME = dq;
			};
			name = Release;
		};
/* End XCBuildConfiguration section */

/* Begin XCConfigurationList section */
		A12988E828AA04EB00282503 /* Build configuration list for PBXProject "dq" */ = {
			isa = XCConfigurationList;
			buildConfigurations = (
				A129890F28AA04EC00282503 /* Debug */,
				A129891028AA04EC00282503 /* Release */,
			);
			defaultConfigurationIsVisible = 0;
			defaultConfigurationName = Release;
		};
		A129891128AA04EC00282503 /* Build configuration list for PBXNativeTarget "dq" */ = {
			isa = XCConfigurationList;
			buildConfigurations = (
				A129891228AA04EC00282503 /* Debug */,
				A129891328AA04EC00282503 /* Release */,
			);
			defaultConfigurationIsVisible = 0;
			defaultConfigurationName = Release;
		};
		A129891428AA04EC00282503 /* Build configuration list for PBXNativeTarget "dqTests" */ = {
			isa = XCConfigurationList;
			buildConfigurations = (
				A129891528AA04EC00282503 /* Debug */,
				A129891628AA04EC00282503 /* Release */,
			);
			defaultConfigurationIsVisible = 0;
			defaultConfigurationName = Release;
		};
		A129891728AA04EC00282503 /* Build configuration list for PBXNativeTarget "dqUITests" */ = {
			isa = XCConfigurationList;
			buildConfigurations = (
				A129891828AA04EC00282503 /* Debug */,
				A129891928AA04EC00282503 /* Release */,
			);
			defaultConfigurationIsVisible = 0;
			defaultConfigurationName = Release;
		};
/* End XCConfigurationList section */

/* Begin XCRemoteSwiftPackageReference section */
		A1A9C49928AF20FA00A0FF94 /* XCRemoteSwiftPackageReference "firebase-ios-sdk" */ = {
			isa = XCRemoteSwiftPackageReference;
			repositoryURL = "https://github.com/firebase/firebase-ios-sdk";
			requirement = {
				branch = master;
				kind = branch;
			};
		};
		A1BF879A28ADD276003079B4 /* XCRemoteSwiftPackageReference "firebase-ios-sdk" */ = {
			isa = XCRemoteSwiftPackageReference;
			repositoryURL = "https://github.com/firebase/firebase-ios-sdk";
			requirement = {
				branch = master;
				kind = branch;
			};
		};
/* End XCRemoteSwiftPackageReference section */

/* Begin XCSwiftPackageProductDependency section */
		A1A9C49328AF1DF900A0FF94 /* FirebaseFirestore */ = {
			isa = XCSwiftPackageProductDependency;
			package = A1BF879A28ADD276003079B4 /* XCRemoteSwiftPackageReference "firebase-ios-sdk" */;
			productName = FirebaseFirestore;
		};
		A1A9C49528AF1DF900A0FF94 /* FirebaseFirestoreCombine-Community */ = {
			isa = XCSwiftPackageProductDependency;
			package = A1BF879A28ADD276003079B4 /* XCRemoteSwiftPackageReference "firebase-ios-sdk" */;
			productName = "FirebaseFirestoreCombine-Community";
		};
		A1A9C49728AF1DF900A0FF94 /* FirebaseFirestoreSwift */ = {
			isa = XCSwiftPackageProductDependency;
			package = A1BF879A28ADD276003079B4 /* XCRemoteSwiftPackageReference "firebase-ios-sdk" */;
			productName = FirebaseFirestoreSwift;
		};
		A1A9C49A28AF20FA00A0FF94 /* FirebaseFirestore */ = {
			isa = XCSwiftPackageProductDependency;
			package = A1BF879A28ADD276003079B4 /* XCRemoteSwiftPackageReference "firebase-ios-sdk" */;
			productName = FirebaseFirestore;
		};
		A1A9C49C28AF20FA00A0FF94 /* FirebaseFirestoreCombine-Community */ = {
			isa = XCSwiftPackageProductDependency;
			package = A1BF879A28ADD276003079B4 /* XCRemoteSwiftPackageReference "firebase-ios-sdk" */;
			productName = "FirebaseFirestoreCombine-Community";
		};
		A1A9C49E28AF20FA00A0FF94 /* FirebaseFirestoreSwift */ = {
			isa = XCSwiftPackageProductDependency;
			package = A1BF879A28ADD276003079B4 /* XCRemoteSwiftPackageReference "firebase-ios-sdk" */;
			productName = FirebaseFirestoreSwift;
		};
		A1A9C4E128AF2A5800A0FF94 /* FirebaseAuth */ = {
			isa = XCSwiftPackageProductDependency;
			package = A1BF879A28ADD276003079B4 /* XCRemoteSwiftPackageReference "firebase-ios-sdk" */;
			productName = FirebaseAuth;
		};
		A1A9C4E328AF2A5800A0FF94 /* FirebaseDatabase */ = {
			isa = XCSwiftPackageProductDependency;
			package = A1BF879A28ADD276003079B4 /* XCRemoteSwiftPackageReference "firebase-ios-sdk" */;
			productName = FirebaseDatabase;
		};
		A1A9C4E528AF2A5800A0FF94 /* FirebaseDatabaseSwift */ = {
			isa = XCSwiftPackageProductDependency;
			package = A1BF879A28ADD276003079B4 /* XCRemoteSwiftPackageReference "firebase-ios-sdk" */;
			productName = FirebaseDatabaseSwift;
		};
		A1A9C4E728AF2A5800A0FF94 /* FirebaseRemoteConfig */ = {
			isa = XCSwiftPackageProductDependency;
			package = A1BF879A28ADD276003079B4 /* XCRemoteSwiftPackageReference "firebase-ios-sdk" */;
			productName = FirebaseRemoteConfig;
		};
		A1A9C4E928AF2A5800A0FF94 /* FirebaseRemoteConfigSwift */ = {
			isa = XCSwiftPackageProductDependency;
			package = A1BF879A28ADD276003079B4 /* XCRemoteSwiftPackageReference "firebase-ios-sdk" */;
			productName = FirebaseRemoteConfigSwift;
		};
		A1A9C4EB28AF2A5800A0FF94 /* FirebaseStorage */ = {
			isa = XCSwiftPackageProductDependency;
			package = A1BF879A28ADD276003079B4 /* XCRemoteSwiftPackageReference "firebase-ios-sdk" */;
			productName = FirebaseStorage;
		};
		A1A9C4ED28AF2A5800A0FF94 /* FirebaseStorageCombine-Community */ = {
			isa = XCSwiftPackageProductDependency;
			package = A1BF879A28ADD276003079B4 /* XCRemoteSwiftPackageReference "firebase-ios-sdk" */;
			productName = "FirebaseStorageCombine-Community";
		};
/* End XCSwiftPackageProductDependency section */
	};
	rootObject = A12988E528AA04EB00282503 /* Project object */;
}
